
Microsoft Visual Studio Solution File, Format Version 12.00
# Visual Studio 14
VisualStudioVersion = 14.0.25420.1
MinimumVisualStudioVersion = 10.0.40219.1
Project("{FAE04EC0-301F-11D3-BF4B-00C04F79EFBC}") = "bahasaKorea.Android", "bahasaKorea\bahasaKorea.Android\bahasaKorea.Android.csproj", "{583838FD-064B-404F-9C10-BCF2A376C047}"
EndProject
Project("{FAE04EC0-301F-11D3-BF4B-00C04F79EFBC}") = "bahasaKorea", "bahasaKorea\bahasaKorea\bahasaKorea.csproj", "{FDB2FF6D-3189-4B04-9E59-79BEBD514D18}"
EndProject
Project("{FAE04EC0-301F-11D3-BF4B-00C04F79EFBC}") = "bahasaKorea.iOS", "bahasaKorea\bahasaKorea.iOS\bahasaKorea.iOS.csproj", "{96A8AC66-111E-4545-A680-3508E89C1EB7}"
EndProject
Global
	GlobalSection(SolutionConfigurationPlatforms) = preSolution
		Ad-Hoc|Any CPU = Ad-Hoc|Any CPU
		Ad-Hoc|ARM = Ad-Hoc|ARM
		Ad-Hoc|iPhone = Ad-Hoc|iPhone
		Ad-Hoc|iPhoneSimulator = Ad-Hoc|iPhoneSimulator
		Ad-Hoc|x64 = Ad-Hoc|x64
		Ad-Hoc|x86 = Ad-Hoc|x86
		AppStore|Any CPU = AppStore|Any CPU
		AppStore|ARM = AppStore|ARM
		AppStore|iPhone = AppStore|iPhone
		AppStore|iPhoneSimulator = AppStore|iPhoneSimulator
		AppStore|x64 = AppStore|x64
		AppStore|x86 = AppStore|x86
		Debug|Any CPU = Debug|Any CPU
		Debug|ARM = Debug|ARM
		Debug|iPhone = Debug|iPhone
		Debug|iPhoneSimulator = Debug|iPhoneSimulator
		Debug|x64 = Debug|x64
		Debug|x86 = Debug|x86
		Release|Any CPU = Release|Any CPU
		Release|ARM = Release|ARM
		Release|iPhone = Release|iPhone
		Release|iPhoneSimulator = Release|iPhoneSimulator
		Release|x64 = Release|x64
		Release|x86 = Release|x86
	EndGlobalSection
	GlobalSection(ProjectConfigurationPlatforms) = postSolution
		{583838FD-064B-404F-9C10-BCF2A376C047}.Ad-Hoc|Any CPU.ActiveCfg = Release|Any CPU
		{583838FD-064B-404F-9C10-BCF2A376C047}.Ad-Hoc|Any CPU.Build.0 = Release|Any CPU
		{583838FD-064B-404F-9C10-BCF2A376C047}.Ad-Hoc|Any CPU.Deploy.0 = Release|Any CPU
		{583838FD-064B-404F-9C10-BCF2A376C047}.Ad-Hoc|ARM.ActiveCfg = Release|Any CPU
		{583838FD-064B-404F-9C10-BCF2A376C047}.Ad-Hoc|ARM.Build.0 = Release|Any CPU
		{583838FD-064B-404F-9C10-BCF2A376C047}.Ad-Hoc|ARM.Deploy.0 = Release|Any CPU
		{583838FD-064B-404F-9C10-BCF2A376C047}.Ad-Hoc|iPhone.ActiveCfg = Release|Any CPU
		{583838FD-064B-404F-9C10-BCF2A376C047}.Ad-Hoc|iPhone.Build.0 = Release|Any CPU
		{583838FD-064B-404F-9C10-BCF2A376C047}.Ad-Hoc|iPhone.Deploy.0 = Release|Any CPU
		{583838FD-064B-404F-9C10-BCF2A376C047}.Ad-Hoc|iPhoneSimulator.ActiveCfg = Release|Any CPU
		{583838FD-064B-404F-9C10-BCF2A376C047}.Ad-Hoc|iPhoneSimulator.Build.0 = Release|Any CPU
		{583838FD-064B-404F-9C10-BCF2A376C047}.Ad-Hoc|iPhoneSimulator.Deploy.0 = Release|Any CPU
		{583838FD-064B-404F-9C10-BCF2A376C047}.Ad-Hoc|x64.ActiveCfg = Release|Any CPU
		{583838FD-064B-404F-9C10-BCF2A376C047}.Ad-Hoc|x64.Build.0 = Release|Any CPU
		{583838FD-064B-404F-9C10-BCF2A376C047}.Ad-Hoc|x64.Deploy.0 = Release|Any CPU
		{583838FD-064B-404F-9C10-BCF2A376C047}.Ad-Hoc|x86.ActiveCfg = Release|Any CPU
		{583838FD-064B-404F-9C10-BCF2A376C047}.Ad-Hoc|x86.Build.0 = Release|Any CPU
		{583838FD-064B-404F-9C10-BCF2A376C047}.Ad-Hoc|x86.Deploy.0 = Release|Any CPU
		{583838FD-064B-404F-9C10-BCF2A376C047}.AppStore|Any CPU.ActiveCfg = Release|Any CPU
		{583838FD-064B-404F-9C10-BCF2A376C047}.AppStore|Any CPU.Build.0 = Release|Any CPU
		{583838FD-064B-404F-9C10-BCF2A376C047}.AppStore|Any CPU.Deploy.0 = Release|Any CPU
		{583838FD-064B-404F-9C10-BCF2A376C047}.AppStore|ARM.ActiveCfg = Release|Any CPU
		{583838FD-064B-404F-9C10-BCF2A376C047}.AppStore|ARM.Build.0 = Release|Any CPU
		{583838FD-064B-404F-9C10-BCF2A376C047}.AppStore|ARM.Deploy.0 = Release|Any CPU
		{583838FD-064B-404F-9C10-BCF2A376C047}.AppStore|iPhone.ActiveCfg = Release|Any CPU
		{583838FD-064B-404F-9C10-BCF2A376C047}.AppStore|iPhone.Build.0 = Release|Any CPU
		{583838FD-064B-404F-9C10-BCF2A376C047}.AppStore|iPhone.Deploy.0 = Release|Any CPU
		{583838FD-064B-404F-9C10-BCF2A376C047}.AppStore|iPhoneSimulator.ActiveCfg = Release|Any CPU
		{583838FD-064B-404F-9C10-BCF2A376C047}.AppStore|iPhoneSimulator.Build.0 = Release|Any CPU
		{583838FD-064B-404F-9C10-BCF2A376C047}.AppStore|iPhoneSimulator.Deploy.0 = Release|Any CPU
		{583838FD-064B-404F-9C10-BCF2A376C047}.AppStore|x64.ActiveCfg = Release|Any CPU
		{583838FD-064B-404F-9C10-BCF2A376C047}.AppStore|x64.Build.0 = Release|Any CPU
		{583838FD-064B-404F-9C10-BCF2A376C047}.AppStore|x64.Deploy.0 = Release|Any CPU
		{583838FD-064B-404F-9C10-BCF2A376C047}.AppStore|x86.ActiveCfg = Release|Any CPU
		{583838FD-064B-404F-9C10-BCF2A376C047}.AppStore|x86.Build.0 = Release|Any CPU
		{583838FD-064B-404F-9C10-BCF2A376C047}.AppStore|x86.Deploy.0 = Release|Any CPU
		{583838FD-064B-404F-9C10-BCF2A376C047}.Debug|Any CPU.ActiveCfg = Debug|Any CPU
		{583838FD-064B-404F-9C10-BCF2A376C047}.Debug|Any CPU.Build.0 = Debug|Any CPU
		{583838FD-064B-404F-9C10-BCF2A376C047}.Debug|Any CPU.Deploy.0 = Debug|Any CPU
		{583838FD-064B-404F-9C10-BCF2A376C047}.Debug|ARM.ActiveCfg = Debug|Any CPU
		{583838FD-064B-404F-9C10-BCF2A376C047}.Debug|ARM.Build.0 = Debug|Any CPU
		{583838FD-064B-404F-9C10-BCF2A376C047}.Debug|ARM.Deploy.0 = Debug|Any CPU
		{583838FD-064B-404F-9C10-BCF2A376C047}.Debug|iPhone.ActiveCfg = Debug|Any CPU
		{583838FD-064B-404F-9C10-BCF2A376C047}.Debug|iPhone.Build.0 = Debug|Any CPU
		{583838FD-064B-404F-9C10-BCF2A376C047}.Debug|iPhone.Deploy.0 = Debug|Any CPU
		{583838FD-064B-404F-9C10-BCF2A376C047}.Debug|iPhoneSimulator.ActiveCfg = Debug|Any CPU
		{583838FD-064B-404F-9C10-BCF2A376C047}.Debug|iPhoneSimulator.Build.0 = Debug|Any CPU
		{583838FD-064B-404F-9C10-BCF2A376C047}.Debug|iPhoneSimulator.Deploy.0 = Debug|Any CPU
		{583838FD-064B-404F-9C10-BCF2A376C047}.Debug|x64.ActiveCfg = Debug|Any CPU
		{583838FD-064B-404F-9C10-BCF2A376C047}.Debug|x64.Build.0 = Debug|Any CPU
		{583838FD-064B-404F-9C10-BCF2A376C047}.Debug|x64.Deploy.0 = Debug|Any CPU
		{583838FD-064B-404F-9C10-BCF2A376C047}.Debug|x86.ActiveCfg = Debug|Any CPU
		{583838FD-064B-404F-9C10-BCF2A376C047}.Debug|x86.Build.0 = Debug|Any CPU
		{583838FD-064B-404F-9C10-BCF2A376C047}.Debug|x86.Deploy.0 = Debug|Any CPU
		{583838FD-064B-404F-9C10-BCF2A376C047}.Release|Any CPU.ActiveCfg = Release|Any CPU
		{583838FD-064B-404F-9C10-BCF2A376C047}.Release|Any CPU.Build.0 = Release|Any CPU
		{583838FD-064B-404F-9C10-BCF2A376C047}.Release|Any CPU.Deploy.0 = Release|Any CPU
		{583838FD-064B-404F-9C10-BCF2A376C047}.Release|ARM.ActiveCfg = Release|Any CPU
		{583838FD-064B-404F-9C10-BCF2A376C047}.Release|ARM.Build.0 = Release|Any CPU
		{583838FD-064B-404F-9C10-BCF2A376C047}.Release|ARM.Deploy.0 = Release|Any CPU
		{583838FD-064B-404F-9C10-BCF2A376C047}.Release|iPhone.ActiveCfg = Release|Any CPU
		{583838FD-064B-404F-9C10-BCF2A376C047}.Release|iPhone.Build.0 = Release|Any CPU
		{583838FD-064B-404F-9C10-BCF2A376C047}.Release|iPhone.Deploy.0 = Release|Any CPU
		{583838FD-064B-404F-9C10-BCF2A376C047}.Release|iPhoneSimulator.ActiveCfg = Release|Any CPU
		{583838FD-064B-404F-9C10-BCF2A376C047}.Release|iPhoneSimulator.Build.0 = Release|Any CPU
		{583838FD-064B-404F-9C10-BCF2A376C047}.Release|iPhoneSimulator.Deploy.0 = Release|Any CPU
		{583838FD-064B-404F-9C10-BCF2A376C047}.Release|x64.ActiveCfg = Release|Any CPU
		{583838FD-064B-404F-9C10-BCF2A376C047}.Release|x64.Build.0 = Release|Any CPU
		{583838FD-064B-404F-9C10-BCF2A376C047}.Release|x64.Deploy.0 = Release|Any CPU
		{583838FD-064B-404F-9C10-BCF2A376C047}.Release|x86.ActiveCfg = Release|Any CPU
		{583838FD-064B-404F-9C10-BCF2A376C047}.Release|x86.Build.0 = Release|Any CPU
		{583838FD-064B-404F-9C10-BCF2A376C047}.Release|x86.Deploy.0 = Release|Any CPU
		{FDB2FF6D-3189-4B04-9E59-79BEBD514D18}.Ad-Hoc|Any CPU.ActiveCfg = Release|Any CPU
		{FDB2FF6D-3189-4B04-9E59-79BEBD514D18}.Ad-Hoc|Any CPU.Build.0 = Release|Any CPU
		{FDB2FF6D-3189-4B04-9E59-79BEBD514D18}.Ad-Hoc|Any CPU.Deploy.0 = Release|Any CPU
		{FDB2FF6D-3189-4B04-9E59-79BEBD514D18}.Ad-Hoc|ARM.ActiveCfg = Release|Any CPU
		{FDB2FF6D-3189-4B04-9E59-79BEBD514D18}.Ad-Hoc|ARM.Build.0 = Release|Any CPU
		{FDB2FF6D-3189-4B04-9E59-79BEBD514D18}.Ad-Hoc|ARM.Deploy.0 = Release|Any CPU
		{FDB2FF6D-3189-4B04-9E59-79BEBD514D18}.Ad-Hoc|iPhone.ActiveCfg = Release|Any CPU
		{FDB2FF6D-3189-4B04-9E59-79BEBD514D18}.Ad-Hoc|iPhone.Build.0 = Release|Any CPU
		{FDB2FF6D-3189-4B04-9E59-79BEBD514D18}.Ad-Hoc|iPhone.Deploy.0 = Release|Any CPU
		{FDB2FF6D-3189-4B04-9E59-79BEBD514D18}.Ad-Hoc|iPhoneSimulator.ActiveCfg = Release|Any CPU
		{FDB2FF6D-3189-4B04-9E59-79BEBD514D18}.Ad-Hoc|iPhoneSimulator.Build.0 = Release|Any CPU
		{FDB2FF6D-3189-4B04-9E59-79BEBD514D18}.Ad-Hoc|iPhoneSimulator.Deploy.0 = Release|Any CPU
		{FDB2FF6D-3189-4B04-9E59-79BEBD514D18}.Ad-Hoc|x64.ActiveCfg = Release|Any CPU
		{FDB2FF6D-3189-4B04-9E59-79BEBD514D18}.Ad-Hoc|x64.Build.0 = Release|Any CPU
		{FDB2FF6D-3189-4B04-9E59-79BEBD514D18}.Ad-Hoc|x64.Deploy.0 = Release|Any CPU
		{FDB2FF6D-3189-4B04-9E59-79BEBD514D18}.Ad-Hoc|x86.ActiveCfg = Release|Any CPU
		{FDB2FF6D-3189-4B04-9E59-79BEBD514D18}.Ad-Hoc|x86.Build.0 = Release|Any CPU
		{FDB2FF6D-3189-4B04-9E59-79BEBD514D18}.Ad-Hoc|x86.Deploy.0 = Release|Any CPU
		{FDB2FF6D-3189-4B04-9E59-79BEBD514D18}.AppStore|Any CPU.ActiveCfg = Release|Any CPU
		{FDB2FF6D-3189-4B04-9E59-79BEBD514D18}.AppStore|Any CPU.Build.0 = Release|Any CPU
		{FDB2FF6D-3189-4B04-9E59-79BEBD514D18}.AppStore|Any CPU.Deploy.0 = Release|Any CPU
		{FDB2FF6D-3189-4B04-9E59-79BEBD514D18}.AppStore|ARM.ActiveCfg = Release|Any CPU
		{FDB2FF6D-3189-4B04-9E59-79BEBD514D18}.AppStore|ARM.Build.0 = Release|Any CPU
		{FDB2FF6D-3189-4B04-9E59-79BEBD514D18}.AppStore|ARM.Deploy.0 = Release|Any CPU
		{FDB2FF6D-3189-4B04-9E59-79BEBD514D18}.AppStore|iPhone.ActiveCfg = Release|Any CPU
		{FDB2FF6D-3189-4B04-9E59-79BEBD514D18}.AppStore|iPhone.Build.0 = Release|Any CPU
		{FDB2FF6D-3189-4B04-9E59-79BEBD514D18}.AppStore|iPhone.Deploy.0 = Release|Any CPU
		{FDB2FF6D-3189-4B04-9E59-79BEBD514D18}.AppStore|iPhoneSimulator.ActiveCfg = Release|Any CPU
		{FDB2FF6D-3189-4B04-9E59-79BEBD514D18}.AppStore|iPhoneSimulator.Build.0 = Release|Any CPU
		{FDB2FF6D-3189-4B04-9E59-79BEBD514D18}.AppStore|iPhoneSimulator.Deploy.0 = Release|Any CPU
		{FDB2FF6D-3189-4B04-9E59-79BEBD514D18}.AppStore|x64.ActiveCfg = Release|Any CPU
		{FDB2FF6D-3189-4B04-9E59-79BEBD514D18}.AppStore|x64.Build.0 = Release|Any CPU
		{FDB2FF6D-3189-4B04-9E59-79BEBD514D18}.AppStore|x64.Deploy.0 = Release|Any CPU
		{FDB2FF6D-3189-4B04-9E59-79BEBD514D18}.AppStore|x86.ActiveCfg = Release|Any CPU
		{FDB2FF6D-3189-4B04-9E59-79BEBD514D18}.AppStore|x86.Build.0 = Release|Any CPU
		{FDB2FF6D-3189-4B04-9E59-79BEBD514D18}.AppStore|x86.Deploy.0 = Release|Any CPU
		{FDB2FF6D-3189-4B04-9E59-79BEBD514D18}.Debug|Any CPU.ActiveCfg = Debug|Any CPU
		{FDB2FF6D-3189-4B04-9E59-79BEBD514D18}.Debug|Any CPU.Build.0 = Debug|Any CPU
		{FDB2FF6D-3189-4B04-9E59-79BEBD514D18}.Debug|Any CPU.Deploy.0 = Debug|Any CPU
		{FDB2FF6D-3189-4B04-9E59-79BEBD514D18}.Debug|ARM.ActiveCfg = Debug|Any CPU
		{FDB2FF6D-3189-4B04-9E59-79BEBD514D18}.Debug|ARM.Build.0 = Debug|Any CPU
		{FDB2FF6D-3189-4B04-9E59-79BEBD514D18}.Debug|ARM.Deploy.0 = Debug|Any CPU
		{FDB2FF6D-3189-4B04-9E59-79BEBD514D18}.Debug|iPhone.ActiveCfg = Debug|Any CPU
		{FDB2FF6D-3189-4B04-9E59-79BEBD514D18}.Debug|iPhone.Build.0 = Debug|Any CPU
		{FDB2FF6D-3189-4B04-9E59-79BEBD514D18}.Debug|iPhone.Deploy.0 = Debug|Any CPU
		{FDB2FF6D-3189-4B04-9E59-79BEBD514D18}.Debug|iPhoneSimulator.ActiveCfg = Debug|Any CPU
		{FDB2FF6D-3189-4B04-9E59-79BEBD514D18}.Debug|iPhoneSimulator.Build.0 = Debug|Any CPU
		{FDB2FF6D-3189-4B04-9E59-79BEBD514D18}.Debug|iPhoneSimulator.Deploy.0 = Debug|Any CPU
		{FDB2FF6D-3189-4B04-9E59-79BEBD514D18}.Debug|x64.ActiveCfg = Debug|Any CPU
		{FDB2FF6D-3189-4B04-9E59-79BEBD514D18}.Debug|x64.Build.0 = Debug|Any CPU
		{FDB2FF6D-3189-4B04-9E59-79BEBD514D18}.Debug|x64.Deploy.0 = Debug|Any CPU
		{FDB2FF6D-3189-4B04-9E59-79BEBD514D18}.Debug|x86.ActiveCfg = Debug|Any CPU
		{FDB2FF6D-3189-4B04-9E59-79BEBD514D18}.Debug|x86.Build.0 = Debug|Any CPU
		{FDB2FF6D-3189-4B04-9E59-79BEBD514D18}.Debug|x86.Deploy.0 = Debug|Any CPU
		{FDB2FF6D-3189-4B04-9E59-79BEBD514D18}.Release|Any CPU.ActiveCfg = Release|Any CPU
		{FDB2FF6D-3189-4B04-9E59-79BEBD514D18}.Release|Any CPU.Build.0 = Release|Any CPU
		{FDB2FF6D-3189-4B04-9E59-79BEBD514D18}.Release|Any CPU.Deploy.0 = Release|Any CPU
		{FDB2FF6D-3189-4B04-9E59-79BEBD514D18}.Release|ARM.ActiveCfg = Release|Any CPU
		{FDB2FF6D-3189-4B04-9E59-79BEBD514D18}.Release|ARM.Build.0 = Release|Any CPU
		{FDB2FF6D-3189-4B04-9E59-79BEBD514D18}.Release|ARM.Deploy.0 = Release|Any CPU
		{FDB2FF6D-3189-4B04-9E59-79BEBD514D18}.Release|iPhone.ActiveCfg = Release|Any CPU
		{FDB2FF6D-3189-4B04-9E59-79BEBD514D18}.Release|iPhone.Build.0 = Release|Any CPU
		{FDB2FF6D-3189-4B04-9E59-79BEBD514D18}.Release|iPhone.Deploy.0 = Release|Any CPU
		{FDB2FF6D-3189-4B04-9E59-79BEBD514D18}.Release|iPhoneSimulator.ActiveCfg = Release|Any CPU
		{FDB2FF6D-3189-4B04-9E59-79BEBD514D18}.Release|iPhoneSimulator.Build.0 = Release|Any CPU
		{FDB2FF6D-3189-4B04-9E59-79BEBD514D18}.Release|iPhoneSimulator.Deploy.0 = Release|Any CPU
		{FDB2FF6D-3189-4B04-9E59-79BEBD514D18}.Release|x64.ActiveCfg = Release|Any CPU
		{FDB2FF6D-3189-4B04-9E59-79BEBD514D18}.Release|x64.Build.0 = Release|Any CPU
		{FDB2FF6D-3189-4B04-9E59-79BEBD514D18}.Release|x64.Deploy.0 = Release|Any CPU
		{FDB2FF6D-3189-4B04-9E59-79BEBD514D18}.Release|x86.ActiveCfg = Release|Any CPU
		{FDB2FF6D-3189-4B04-9E59-79BEBD514D18}.Release|x86.Build.0 = Release|Any CPU
		{FDB2FF6D-3189-4B04-9E59-79BEBD514D18}.Release|x86.Deploy.0 = Release|Any CPU
		{96A8AC66-111E-4545-A680-3508E89C1EB7}.Ad-Hoc|Any CPU.ActiveCfg = Ad-Hoc|iPhone
		{96A8AC66-111E-4545-A680-3508E89C1EB7}.Ad-Hoc|Any CPU.Build.0 = Ad-Hoc|iPhone
		{96A8AC66-111E-4545-A680-3508E89C1EB7}.Ad-Hoc|Any CPU.Deploy.0 = Ad-Hoc|iPhone
		{96A8AC66-111E-4545-A680-3508E89C1EB7}.Ad-Hoc|ARM.ActiveCfg = Ad-Hoc|iPhone
		{96A8AC66-111E-4545-A680-3508E89C1EB7}.Ad-Hoc|ARM.Build.0 = Ad-Hoc|iPhone
		{96A8AC66-111E-4545-A680-3508E89C1EB7}.Ad-Hoc|ARM.Deploy.0 = Ad-Hoc|iPhone
		{96A8AC66-111E-4545-A680-3508E89C1EB7}.Ad-Hoc|iPhone.ActiveCfg = Ad-Hoc|iPhone
		{96A8AC66-111E-4545-A680-3508E89C1EB7}.Ad-Hoc|iPhone.Build.0 = Ad-Hoc|iPhone
		{96A8AC66-111E-4545-A680-3508E89C1EB7}.Ad-Hoc|iPhone.Deploy.0 = Ad-Hoc|iPhone
		{96A8AC66-111E-4545-A680-3508E89C1EB7}.Ad-Hoc|iPhoneSimulator.ActiveCfg = Ad-Hoc|iPhoneSimulator
		{96A8AC66-111E-4545-A680-3508E89C1EB7}.Ad-Hoc|iPhoneSimulator.Build.0 = Ad-Hoc|iPhoneSimulator
		{96A8AC66-111E-4545-A680-3508E89C1EB7}.Ad-Hoc|iPhoneSimulator.Deploy.0 = Ad-Hoc|iPhoneSimulator
		{96A8AC66-111E-4545-A680-3508E89C1EB7}.Ad-Hoc|x64.ActiveCfg = Ad-Hoc|iPhone
		{96A8AC66-111E-4545-A680-3508E89C1EB7}.Ad-Hoc|x64.Build.0 = Ad-Hoc|iPhone
		{96A8AC66-111E-4545-A680-3508E89C1EB7}.Ad-Hoc|x64.Deploy.0 = Ad-Hoc|iPhone
		{96A8AC66-111E-4545-A680-3508E89C1EB7}.Ad-Hoc|x86.ActiveCfg = Ad-Hoc|iPhone
		{96A8AC66-111E-4545-A680-3508E89C1EB7}.Ad-Hoc|x86.Build.0 = Ad-Hoc|iPhone
		{96A8AC66-111E-4545-A680-3508E89C1EB7}.Ad-Hoc|x86.Deploy.0 = Ad-Hoc|iPhone
		{96A8AC66-111E-4545-A680-3508E89C1EB7}.AppStore|Any CPU.ActiveCfg = AppStore|iPhone
		{96A8AC66-111E-4545-A680-3508E89C1EB7}.AppStore|Any CPU.Build.0 = AppStore|iPhone
		{96A8AC66-111E-4545-A680-3508E89C1EB7}.AppStore|Any CPU.Deploy.0 = AppStore|iPhone
		{96A8AC66-111E-4545-A680-3508E89C1EB7}.AppStore|ARM.ActiveCfg = AppStore|iPhone
		{96A8AC66-111E-4545-A680-3508E89C1EB7}.AppStore|ARM.Build.0 = AppStore|iPhone
		{96A8AC66-111E-4545-A680-3508E89C1EB7}.AppStore|ARM.Deploy.0 = AppStore|iPhone
		{96A8AC66-111E-4545-A680-3508E89C1EB7}.AppStore|iPhone.ActiveCfg = AppStore|iPhone
		{96A8AC66-111E-4545-A680-3508E89C1EB7}.AppStore|iPhone.Build.0 = AppStore|iPhone
		{96A8AC66-111E-4545-A680-3508E89C1EB7}.AppStore|iPhone.Deploy.0 = AppStore|iPhone
		{96A8AC66-111E-4545-A680-3508E89C1EB7}.AppStore|iPhoneSimulator.ActiveCfg = AppStore|iPhoneSimulator
		{96A8AC66-111E-4545-A680-3508E89C1EB7}.AppStore|iPhoneSimulator.Build.0 = AppStore|iPhoneSimulator
		{96A8AC66-111E-4545-A680-3508E89C1EB7}.AppStore|iPhoneSimulator.Deploy.0 = AppStore|iPhoneSimulator
		{96A8AC66-111E-4545-A680-3508E89C1EB7}.AppStore|x64.ActiveCfg = AppStore|iPhone
		{96A8AC66-111E-4545-A680-3508E89C1EB7}.AppStore|x64.Build.0 = AppStore|iPhone
		{96A8AC66-111E-4545-A680-3508E89C1EB7}.AppStore|x64.Deploy.0 = AppStore|iPhone
		{96A8AC66-111E-4545-A680-3508E89C1EB7}.AppStore|x86.ActiveCfg = AppStore|iPhone
		{96A8AC66-111E-4545-A680-3508E89C1EB7}.AppStore|x86.Build.0 = AppStore|iPhone
		{96A8AC66-111E-4545-A680-3508E89C1EB7}.AppStore|x86.Deploy.0 = AppStore|iPhone
		{96A8AC66-111E-4545-A680-3508E89C1EB7}.Debug|Any CPU.ActiveCfg = Debug|iPhoneSimulator
		{96A8AC66-111E-4545-A680-3508E89C1EB7}.Debug|Any CPU.Build.0 = Debug|iPhoneSimulator
		{96A8AC66-111E-4545-A680-3508E89C1EB7}.Debug|Any CPU.Deploy.0 = Debug|iPhoneSimulator
		{96A8AC66-111E-4545-A680-3508E89C1EB7}.Debug|ARM.ActiveCfg = Debug|iPhone
		{96A8AC66-111E-4545-A680-3508E89C1EB7}.Debug|ARM.Build.0 = Debug|iPhone
		{96A8AC66-111E-4545-A680-3508E89C1EB7}.Debug|ARM.Deploy.0 = Debug|iPhone
		{96A8AC66-111E-4545-A680-3508E89C1EB7}.Debug|iPhone.ActiveCfg = Debug|iPhone
		{96A8AC66-111E-4545-A680-3508E89C1EB7}.Debug|iPhone.Build.0 = Debug|iPhone
		{96A8AC66-111E-4545-A680-3508E89C1EB7}.Debug|iPhone.Deploy.0 = Debug|iPhone
		{96A8AC66-111E-4545-A680-3508E89C1EB7}.Debug|iPhoneSimulator.ActiveCfg = Debug|iPhoneSimulator
		{96A8AC66-111E-4545-A680-3508E89C1EB7}.Debug|iPhoneSimulator.Build.0 = Debug|iPhoneSimulator
		{96A8AC66-111E-4545-A680-3508E89C1EB7}.Debug|iPhoneSimulator.Deploy.0 = Debug|iPhoneSimulator
		{96A8AC66-111E-4545-A680-3508E89C1EB7}.Debug|x64.ActiveCfg = Debug|iPhone
		{96A8AC66-111E-4545-A680-3508E89C1EB7}.Debug|x64.Build.0 = Debug|iPhone
		{96A8AC66-111E-4545-A680-3508E89C1EB7}.Debug|x64.Deploy.0 = Debug|iPhone
		{96A8AC66-111E-4545-A680-3508E89C1EB7}.Debug|x86.ActiveCfg = Debug|iPhone
		{96A8AC66-111E-4545-A680-3508E89C1EB7}.Debug|x86.Build.0 = Debug|iPhone
		{96A8AC66-111E-4545-A680-3508E89C1EB7}.Debug|x86.Deploy.0 = Debug|iPhone
		{96A8AC66-111E-4545-A680-3508E89C1EB7}.Release|Any CPU.ActiveCfg = Release|iPhone
		{96A8AC66-111E-4545-A680-3508E89C1EB7}.Release|Any CPU.Build.0 = Release|iPhone
		{96A8AC66-111E-4545-A680-3508E89C1EB7}.Release|Any CPU.Deploy.0 = Release|iPhone
		{96A8AC66-111E-4545-A680-3508E89C1EB7}.Release|ARM.ActiveCfg = Release|iPhone
		{96A8AC66-111E-4545-A680-3508E89C1EB7}.Release|ARM.Build.0 = Release|iPhone
		{96A8AC66-111E-4545-A680-3508E89C1EB7}.Release|ARM.Deploy.0 = Release|iPhone
		{96A8AC66-111E-4545-A680-3508E89C1EB7}.Release|iPhone.ActiveCfg = Release|iPhone
		{96A8AC66-111E-4545-A680-3508E89C1EB7}.Release|iPhone.Build.0 = Release|iPhone
		{96A8AC66-111E-4545-A680-3508E89C1EB7}.Release|iPhone.Deploy.0 = Release|iPhone
		{96A8AC66-111E-4545-A680-3508E89C1EB7}.Release|iPhoneSimulator.ActiveCfg = Release|iPhoneSimulator
		{96A8AC66-111E-4545-A680-3508E89C1EB7}.Release|iPhoneSimulator.Build.0 = Release|iPhoneSimulator
		{96A8AC66-111E-4545-A680-3508E89C1EB7}.Release|iPhoneSimulator.Deploy.0 = Release|iPhoneSimulator
		{96A8AC66-111E-4545-A680-3508E89C1EB7}.Release|x64.ActiveCfg = Release|iPhone
		{96A8AC66-111E-4545-A680-3508E89C1EB7}.Release|x64.Build.0 = Release|iPhone
		{96A8AC66-111E-4545-A680-3508E89C1EB7}.Release|x64.Deploy.0 = Release|iPhone
		{96A8AC66-111E-4545-A680-3508E89C1EB7}.Release|x86.ActiveCfg = Release|iPhone
		{96A8AC66-111E-4545-A680-3508E89C1EB7}.Release|x86.Build.0 = Release|iPhone
		{96A8AC66-111E-4545-A680-3508E89C1EB7}.Release|x86.Deploy.0 = Release|iPhone
	EndGlobalSection
	GlobalSection(SolutionProperties) = preSolution
		HideSolutionNode = FALSE
	EndGlobalSection
EndGlobal
